
Microsoft Visual Studio Solution File, Format Version 12.00
# Visual Studio Version 17
VisualStudioVersion = 17.11.35222.181
MinimumVisualStudioVersion = 10.0.40219.1
Project("{9A19103F-16F7-4668-BE54-9A1E7A4F7556}") = "BoardGameNight.Domain", "BoardGameNight.Domain\BoardGameNight.Domain.csproj", "{EA361A03-1E25-47CF-BCEF-5D23EE82761E}"
EndProject
Project("{9A19103F-16F7-4668-BE54-9A1E7A4F7556}") = "BoardGameNight.UI", "BoardGameNight.UI\BoardGameNight.UI.csproj", "{43BD67C1-5AE7-44F1-9CB6-57A31F0BE27E}"
	ProjectSection(ProjectDependencies) = postProject
		{EA361A03-1E25-47CF-BCEF-5D23EE82761E} = {EA361A03-1E25-47CF-BCEF-5D23EE82761E}
	EndProjectSection
EndProject
Global
	GlobalSection(SolutionConfigurationPlatforms) = preSolution
		Debug|Any CPU = Debug|Any CPU
		Release|Any CPU = Release|Any CPU
	EndGlobalSection
	GlobalSection(ProjectConfigurationPlatforms) = postSolution
		{EA361A03-1E25-47CF-BCEF-5D23EE82761E}.Debug|Any CPU.ActiveCfg = Debug|Any CPU
		{EA361A03-1E25-47CF-BCEF-5D23EE82761E}.Debug|Any CPU.Build.0 = Debug|Any CPU
		{EA361A03-1E25-47CF-BCEF-5D23EE82761E}.Release|Any CPU.ActiveCfg = Release|Any CPU
		{EA361A03-1E25-47CF-BCEF-5D23EE82761E}.Release|Any CPU.Build.0 = Release|Any CPU
		{43BD67C1-5AE7-44F1-9CB6-57A31F0BE27E}.Debug|Any CPU.ActiveCfg = Debug|Any CPU
		{43BD67C1-5AE7-44F1-9CB6-57A31F0BE27E}.Debug|Any CPU.Build.0 = Debug|Any CPU
		{43BD67C1-5AE7-44F1-9CB6-57A31F0BE27E}.Release|Any CPU.ActiveCfg = Release|Any CPU
		{43BD67C1-5AE7-44F1-9CB6-57A31F0BE27E}.Release|Any CPU.Build.0 = Release|Any CPU
	EndGlobalSection
	GlobalSection(SolutionProperties) = preSolution
		HideSolutionNode = FALSE
	EndGlobalSection
	GlobalSection(ExtensibilityGlobals) = postSolution
		SolutionGuid = {3863ED90-597C-46AD-8B36-0015AF8C41B9}
	EndGlobalSection
EndGlobal
