
Microsoft Visual Studio Solution File, Format Version 12.00
# Visual Studio Version 17
VisualStudioVersion = 17.11.35222.181
MinimumVisualStudioVersion = 10.0.40219.1
Project("{9A19103F-16F7-4668-BE54-9A1E7A4F7556}") = "BGN.Domain", "BGN.Domain\BGN.Domain.csproj", "{A58D0B69-45F6-4DBB-AEE2-929D008377A0}"
EndProject
Project("{9A19103F-16F7-4668-BE54-9A1E7A4F7556}") = "BGN.Services", "BGN.Services\BGN.Services.csproj", "{73BCE16D-8B30-4E84-AA40-A9901326694A}"
	ProjectSection(ProjectDependencies) = postProject
		{A58D0B69-45F6-4DBB-AEE2-929D008377A0} = {A58D0B69-45F6-4DBB-AEE2-929D008377A0}
	EndProjectSection
EndProject
Project("{9A19103F-16F7-4668-BE54-9A1E7A4F7556}") = "BGN.Services.Abstractions", "BGN.Services.Abstractions\BGN.Services.Abstractions.csproj", "{76563898-9425-474D-80DE-B9BDC67985AE}"
EndProject
Project("{9A19103F-16F7-4668-BE54-9A1E7A4F7556}") = "BGN.UI", "BGN.UI\BGN.UI.csproj", "{780F76D4-DFB6-4BC4-8AA3-908A0FA788FC}"
	ProjectSection(ProjectDependencies) = postProject
		{73BCE16D-8B30-4E84-AA40-A9901326694A} = {73BCE16D-8B30-4E84-AA40-A9901326694A}
		{76563898-9425-474D-80DE-B9BDC67985AE} = {76563898-9425-474D-80DE-B9BDC67985AE}
		{A58D0B69-45F6-4DBB-AEE2-929D008377A0} = {A58D0B69-45F6-4DBB-AEE2-929D008377A0}
	EndProjectSection
EndProject
Project("{2150E333-8FDC-42A3-9474-1A3956D46DE8}") = "Core", "Core", "{CC0269C0-EE38-4480-9999-C9A50713C32F}"
EndProject
Project("{9A19103F-16F7-4668-BE54-9A1E7A4F7556}") = "BGN.Shared", "BGN.Shared\BGN.Shared.csproj", "{FB5FD9CA-D435-4543-A491-D24E012C29B9}"
EndProject
Project("{9A19103F-16F7-4668-BE54-9A1E7A4F7556}") = "BGN.Infrastructure", "BGN.Infrastructure\BGN.Infrastructure.csproj", "{0C67CF17-8397-4627-BE2A-77D80052CC10}"
EndProject
Project("{FAE04EC0-301F-11D3-BF4B-00C04F79EFBC}") = "BGN.UnitTests", "BGN.UnitTests\BGN.UnitTests.csproj", "{B274E856-A19B-4242-8956-3E13206E3196}"
EndProject
Global
	GlobalSection(SolutionConfigurationPlatforms) = preSolution
		Debug|Any CPU = Debug|Any CPU
		Release|Any CPU = Release|Any CPU
	EndGlobalSection
	GlobalSection(ProjectConfigurationPlatforms) = postSolution
		{A58D0B69-45F6-4DBB-AEE2-929D008377A0}.Debug|Any CPU.ActiveCfg = Debug|Any CPU
		{A58D0B69-45F6-4DBB-AEE2-929D008377A0}.Debug|Any CPU.Build.0 = Debug|Any CPU
		{A58D0B69-45F6-4DBB-AEE2-929D008377A0}.Release|Any CPU.ActiveCfg = Release|Any CPU
		{A58D0B69-45F6-4DBB-AEE2-929D008377A0}.Release|Any CPU.Build.0 = Release|Any CPU
		{73BCE16D-8B30-4E84-AA40-A9901326694A}.Debug|Any CPU.ActiveCfg = Debug|Any CPU
		{73BCE16D-8B30-4E84-AA40-A9901326694A}.Debug|Any CPU.Build.0 = Debug|Any CPU
		{73BCE16D-8B30-4E84-AA40-A9901326694A}.Release|Any CPU.ActiveCfg = Release|Any CPU
		{73BCE16D-8B30-4E84-AA40-A9901326694A}.Release|Any CPU.Build.0 = Release|Any CPU
		{76563898-9425-474D-80DE-B9BDC67985AE}.Debug|Any CPU.ActiveCfg = Debug|Any CPU
		{76563898-9425-474D-80DE-B9BDC67985AE}.Debug|Any CPU.Build.0 = Debug|Any CPU
		{76563898-9425-474D-80DE-B9BDC67985AE}.Release|Any CPU.ActiveCfg = Release|Any CPU
		{76563898-9425-474D-80DE-B9BDC67985AE}.Release|Any CPU.Build.0 = Release|Any CPU
		{780F76D4-DFB6-4BC4-8AA3-908A0FA788FC}.Debug|Any CPU.ActiveCfg = Debug|Any CPU
		{780F76D4-DFB6-4BC4-8AA3-908A0FA788FC}.Debug|Any CPU.Build.0 = Debug|Any CPU
		{780F76D4-DFB6-4BC4-8AA3-908A0FA788FC}.Release|Any CPU.ActiveCfg = Release|Any CPU
		{780F76D4-DFB6-4BC4-8AA3-908A0FA788FC}.Release|Any CPU.Build.0 = Release|Any CPU
		{FB5FD9CA-D435-4543-A491-D24E012C29B9}.Debug|Any CPU.ActiveCfg = Debug|Any CPU
		{FB5FD9CA-D435-4543-A491-D24E012C29B9}.Debug|Any CPU.Build.0 = Debug|Any CPU
		{FB5FD9CA-D435-4543-A491-D24E012C29B9}.Release|Any CPU.ActiveCfg = Release|Any CPU
		{FB5FD9CA-D435-4543-A491-D24E012C29B9}.Release|Any CPU.Build.0 = Release|Any CPU
		{0C67CF17-8397-4627-BE2A-77D80052CC10}.Debug|Any CPU.ActiveCfg = Debug|Any CPU
		{0C67CF17-8397-4627-BE2A-77D80052CC10}.Debug|Any CPU.Build.0 = Debug|Any CPU
		{0C67CF17-8397-4627-BE2A-77D80052CC10}.Release|Any CPU.ActiveCfg = Release|Any CPU
		{0C67CF17-8397-4627-BE2A-77D80052CC10}.Release|Any CPU.Build.0 = Release|Any CPU
		{B274E856-A19B-4242-8956-3E13206E3196}.Debug|Any CPU.ActiveCfg = Debug|Any CPU
		{B274E856-A19B-4242-8956-3E13206E3196}.Debug|Any CPU.Build.0 = Debug|Any CPU
		{B274E856-A19B-4242-8956-3E13206E3196}.Release|Any CPU.ActiveCfg = Release|Any CPU
		{B274E856-A19B-4242-8956-3E13206E3196}.Release|Any CPU.Build.0 = Release|Any CPU
	EndGlobalSection
	GlobalSection(SolutionProperties) = preSolution
		HideSolutionNode = FALSE
	EndGlobalSection
	GlobalSection(NestedProjects) = preSolution
		{A58D0B69-45F6-4DBB-AEE2-929D008377A0} = {CC0269C0-EE38-4480-9999-C9A50713C32F}
		{73BCE16D-8B30-4E84-AA40-A9901326694A} = {CC0269C0-EE38-4480-9999-C9A50713C32F}
		{76563898-9425-474D-80DE-B9BDC67985AE} = {CC0269C0-EE38-4480-9999-C9A50713C32F}
	EndGlobalSection
	GlobalSection(ExtensibilityGlobals) = postSolution
		SolutionGuid = {3863ED90-597C-46AD-8B36-0015AF8C41B9}
	EndGlobalSection
EndGlobal
